
Microsoft Visual Studio Solution File, Format Version 12.00
# Visual Studio Version 16
VisualStudioVersion = 16.0.30516.212
MinimumVisualStudioVersion = 10.0.40219.1
Project("{FAE04EC0-301F-11D3-BF4B-00C04F79EFBC}") = "CookieBasedAuth", "CookieBasedAuth\CookieBasedAuth.csproj", "{0621BE31-C419-4054-A3C6-98FE63E0B9E8}"
EndProject
Project("{2150E333-8FDC-42A3-9474-1A3956D46DE8}") = "Solution Items", "Solution Items", "{E4753CE9-B01B-4F7C-9947-2B84D6189497}"
	ProjectSection(SolutionItems) = preProject
		..\README.md = ..\README.md
	EndProjectSection
EndProject
Global
	GlobalSection(SolutionConfigurationPlatforms) = preSolution
		Debug|Any CPU = Debug|Any CPU
		Release|Any CPU = Release|Any CPU
	EndGlobalSection
	GlobalSection(ProjectConfigurationPlatforms) = postSolution
		{0621BE31-C419-4054-A3C6-98FE63E0B9E8}.Debug|Any CPU.ActiveCfg = Debug|Any CPU
		{0621BE31-C419-4054-A3C6-98FE63E0B9E8}.Debug|Any CPU.Build.0 = Debug|Any CPU
		{0621BE31-C419-4054-A3C6-98FE63E0B9E8}.Release|Any CPU.ActiveCfg = Release|Any CPU
		{0621BE31-C419-4054-A3C6-98FE63E0B9E8}.Release|Any CPU.Build.0 = Release|Any CPU
	EndGlobalSection
	GlobalSection(SolutionProperties) = preSolution
		HideSolutionNode = FALSE
	EndGlobalSection
	GlobalSection(ExtensibilityGlobals) = postSolution
		SolutionGuid = {8C34DE46-C0B4-4E2D-ADC0-F76953EFAB57}
	EndGlobalSection
EndGlobal
